{
    "_meta": {
        "hash": {
            "sha256": "4bf3fb8024e13e6a3860deabe7118a052cccb286af38d6b8365ce2d984263a9c"
        },
        "pipfile-spec": 6,
        "requires": {
            "python_version": "3.6"
        },
        "sources": [
            {
                "name": "pypi",
                "url": "https://pypi.python.org/simple",
                "verify_ssl": true
            }
        ]
    },
    "default": {
        "aio-pika": {
            "hashes": [
                "sha256:a5837277e53755078db3a9e8c45bbca605c8ba9ecba7a02d74a7a1779f444723",
                "sha256:fa32e33b4b7d0804dcf439ae6ff24d2f0a83d1ba280ee9f555e647d71d394ff5"
            ],
            "version": "==6.4.1"
        },
        "aiormq": {
            "hashes": [
                "sha256:8c215a970133ab5ee7c478decac55b209af7731050f52d11439fe910fa0f9e9d",
                "sha256:9210f3389200aee7d8067f6435f4a9eff2d3a30b88beb5eaae406ccc11c0fc01"
            ],
            "version": "==3.2.0"
        },
        "boto": {
            "hashes": [
                "sha256:147758d41ae7240dc989f0039f27da8ca0d53734be0eb869ef16e3adcfa462e8",
                "sha256:ea0d3b40a2d852767be77ca343b58a9e3a4b00d9db440efb8da74b4e58025e5a"
            ],
            "version": "==2.49.0"
        },
        "boto3": {
            "hashes": [
                "sha256:5db4db12a017be2a0b07ec662584b7b9e8afa05894c8aaac145576a7c39a9886",
                "sha256:7fb8bf70ff2403991c8ae7bc548333811be6e432c7665721364ea0c858eb824e"
            ],
            "version": "==1.10.41"
        },
        "botocore": {
            "hashes": [
                "sha256:5bfffa38ebba26ab462bb40e858702390fbe3ae2093a2177a8cde050ad6cb7e3",
                "sha256:62ddff63be904781f97ced737836a66f5b72579af788c905cfdab32d2970e15e"
            ],
            "version": "==1.13.41"
        },
        "certifi": {
            "hashes": [
                "sha256:017c25db2a153ce562900032d5bc68e9f191e44e9a0f762f373977de9df1fbb3",
                "sha256:25b64c7da4cd7479594d035c08c2d809eb4aab3a26e5a990ea98cc450c320f1f"
            ],
            "version": "==2019.11.28"
        },
        "chardet": {
            "hashes": [
                "sha256:84ab92ed1c4d4f16916e05906b6b75a6c0fb5db821cc65e70cbd64a3e2a5eaae",
                "sha256:fc323ffcaeaed0e0a02bf4d117757b98aed530d9ed4531e3e15460124c106691"
            ],
            "version": "==3.0.4"
        },
        "configargparse": {
            "hashes": [
                "sha256:558738aff623d6667aa5b85df6093ad3828867de8a82b66a6d458fb42567beb3"
            ],
            "version": "==0.15.2"
        },
        "coordinator": {
            "editable": true,
            "path": "./coordinator"
        },
        "datamart-augmentation": {
            "editable": true,
            "path": "./lib_augmentation"
        },
        "datamart-core": {
            "editable": true,
            "path": "./lib_core"
        },
        "datamart-materialize": {
            "editable": true,
            "path": "./lib_materialize"
        },
        "datamart-profiler": {
            "editable": true,
            "path": "./lib_profiler"
        },
        "distance": {
            "hashes": [
                "sha256:60807584f5b6003f5c521aa73f39f51f631de3be5cccc5a1d67166fcbf0d4551"
            ],
            "version": "==0.1.3"
        },
        "docutils": {
            "hashes": [
                "sha256:6c4f696463b79f1fb8ba0c594b63840ebd41f059e92b31957c46b74a4599b6d0",
                "sha256:9e4d7ecfc600058e07ba661411a2b7de2fd0fafa17d1a7f7361cd47b1175c827",
                "sha256:a2aeea129088da402665e92e0b25b04b073c04b2dce4ab65caaa38b7ce2e1a99"
            ],
            "version": "==0.15.2"
        },
        "elasticsearch": {
            "hashes": [
                "sha256:0140787216646e1eb7eb001f8146aff7071d7ca438854249787b6cc221ddd266",
                "sha256:283a6afa5dc08c21016c295b5237fbd9c74895b0b297ceb97c879ec7d67a5f47"
            ],
            "version": "==7.1.0"
        },
        "gensim": {
            "hashes": [
                "sha256:10d0a01a541aa9810add46fe2ccb043a86d99f5075f8dc35466f65949adcb64c",
                "sha256:11c01f38a77579b4fda635b92f1231b2986d9fefff44af401c2d106901b9342a",
                "sha256:1a302a0829eaa023fa6e91e3b489e5b6173127124f2bfbdfa4118b75bd402264",
                "sha256:1b747baf65b51e101db5b4b8eb84ac2c400ab81c3fb0758ff5f879693e936ce3",
                "sha256:1cfd541f4a8651d5d24f61b35a263573bb3464f1d72d12366c4ab15931c81fad",
                "sha256:267983deeb6969a43f7366a188c4f5f2942a49271b7dbdfc07066707fb2029e2",
                "sha256:33277fc0a8d7b0c7ce70fcc74bb82ad39f944c009b334856c6e86bf552b1dfdc",
                "sha256:36518200175c708e762f5763f34b1e5a6b64e7844f2c172afd480231361192fd",
                "sha256:458c2dea186e7e35fa417b13060c4c5ce63e90c36240c745574a95c2b02c425b",
                "sha256:498bc173df0cebb430e01d9860d8cb9a1d4724537da3b3b1b6ec371ddd86794e",
                "sha256:4e5344a07e6646198669befb3f6d3d25209693a904863293da2b0233c5526686",
                "sha256:56fc56f1b8044f33c29ab3f5416d05a1655223a7654cc0887e4e0a17f50e6006",
                "sha256:58f28f6dd25cb4f83ace8b6be1e132d56acfd60b823241e84bb8cba2e9676a39",
                "sha256:6c7065de589edd53cd42f4e5bbae8a821d285c75f12412ee0e32c972f14672c1",
                "sha256:734c8fcd65068f06c1da37beeec7b22a9380faa63a307a99b0bb109560e05e47",
                "sha256:afca1f0081b5e1ce3f07d7ac540196c1af81b9d0513fbd8c4744cc7910922e09",
                "sha256:b08c526ce5dabceb042499c7711e229fb3d2874f69a83dbcab77a35bedac8552",
                "sha256:ba19d8021554c773420321cc0b1ad5ed1f0cd5d14c08a24631263f23d6e8c14e",
                "sha256:bd0e40149a6f07961123f8770b68050366b6772f38521c75a9d0b03242cb9fde",
                "sha256:d3b3cb01e4e997731c41944ffbfce2af67585c6a60fd4fc4a02909dff77021aa",
                "sha256:d9f13b7f0c425b632f18b0b7c87551a0e0d87695506e63153b442e137a4a69fd",
                "sha256:db3b8cfc03e9b7e4c93ea2221cb82d9719fcc3cd16201191f45f12e3c9b0f206",
                "sha256:ef51a5aada90ce0f8f13be750e8d8460bd33e2793c2e74bb453fb1ce7b7ba79d"
            ],
            "version": "==3.8.1"
        },
        "grpcio": {
            "hashes": [
                "sha256:0232add03144dd3cf9b660e2718244cb8e175370dca4d3855cb4e489a7811b53",
                "sha256:0f20e6dcb1b8662cdca033bb97c0a8116a5343e3ebc7f71c5fe7f89039978350",
                "sha256:10b07a623d33d4966f45c85d410bc6a79c5ac6341f06c3beda6c22be12cbfe07",
                "sha256:10c0476d5a52d21f402fc073745dc43b87cc8e080a1f49bbff4e1059019310fb",
                "sha256:289dae0b35c59d191c524e976dd0a6f8c995d2062e72621eb866ad0f4472a635",
                "sha256:2be726f16142d358a0df1e81d583d6820ee561a7856a79cca2fbe49989308be7",
                "sha256:4338d2a81f5b4ca022e085040b3cfce19419a5ce44aa7e6810ac1df05365bed7",
                "sha256:4c535b46f20e66bee3097583231977e721acdfcb1671d1490c99b7be8902ce18",
                "sha256:557154aef70a0e979700cc9528bc8b606b668084a29a0d57dbc4b06b078a2f1c",
                "sha256:5bfdd7e6647498f979dc46583723c852d97b25afe995d55aa1c76a5f9816bc1f",
                "sha256:87d8943ae7aa6ca5bbad732867d7f17d2550e4966a0c15b52088e8b579422e47",
                "sha256:89d8719d8de4d137678f7caa979e1b0a6fd4026f8096ceef8c2d164bbabefaf2",
                "sha256:9c3f4af989ce860710ac1864dc2e867dd87e6cee51a2368df1b253596868e52f",
                "sha256:9da52c3c728883aee429bb7c315049f50b2139f680cd86bb1165418e4f93a982",
                "sha256:9e9736659987beab42d18525ed10d21f80a1ba8389eac03425fbfd5684e6bbf0",
                "sha256:9ebcbb1a054cab362d29d3be571d43d6b9b23302d9fc4b43e5327000da1680a9",
                "sha256:a93e08636623e24c939851e2e0c0140b14f524b2980c9cdc4ea52b70a871c7e0",
                "sha256:ac322d86d1a079e0a118d544443ee16f320af0062c191b4754c0c6ec2fc79310",
                "sha256:b1fb101459868f52df6b61e7bb13375e50badf17a160e39fe1d51ae19e53f461",
                "sha256:b39aac96cceac624a23d540473835086a3ffa77c91030189988c073488434493",
                "sha256:b65507bc273c6dbf539175a786a344cc0ac78d50e5584f72c6599733f8a3301f",
                "sha256:be5bb6e47417e537c884a2e2ff2e1a8b2c064a998fcfdfcc67528d4e63e7ebaf",
                "sha256:c92de6a28a909c4f460dc1bbbcb50d676cf0b1f40224b222761f73fdd851b522",
                "sha256:c9f5962eb7fa7607b20eb0e4f59ed35829bd600fc0eacb626a6db83229a3e445",
                "sha256:d00bdf9c546ed6e649f785c55b05288e8b2dbb6bf2eb74b6c579fa0d591d35bd",
                "sha256:da804b1dd8293bd9d61b1e6ea989c887ba042a808a4fbdd80001cfa059aafed2",
                "sha256:ead6c5aa3e807345913649c3be395aaca2bbb2d225f18b8f31f37eab225508f6",
                "sha256:eb4d81550ce6f826af4ec6e8d98be347fe96291d718bf115c3f254621ae8d98d",
                "sha256:ef6a18ec8fd32ec81748fe720544ea2fb2d2dc50fd6d06739d5e2eb8f0626a1c",
                "sha256:fad42835656e0b6d3b7ffc900598e776722e30f43b7234a48f2576ca30f31a47",
                "sha256:fb98dbfee0d963b49ae5754554028cf62e6bd695f22de16d242ba9d2f0b7339b",
                "sha256:fb9cd9bb8d26dc17c2dd715a46bca3a879ec8283879b164e85863110dc6e3b2a"
            ],
            "version": "==1.21.1"
        },
        "idna": {
            "hashes": [
                "sha256:c357b3f628cf53ae2c4c05627ecc484553142ca23264e593d327bcde5e9c3407",
                "sha256:ea8b7f6188e6fa117537c3df7da9fc686d485087abf6ac197f9c46432f7e4a3c"
            ],
            "version": "==2.8"
        },
        "jinja2": {
            "hashes": [
                "sha256:74320bb91f31270f9551d46522e33af46a80c3d619f4a4bf42b3164d30b5911f",
                "sha256:9fe95f19286cfefaa917656583d020be14e7859c6b0252588391e47db34527de"
            ],
            "version": "==2.10.3"
        },
        "jmespath": {
            "hashes": [
                "sha256:3720a4b1bd659dd2eecad0666459b9788813e032b83e7ba58578e48254e0a0e6",
                "sha256:bde2aef6f44302dfb30320115b17d030798de8c4110e28d5cf6cf91a7a31074c"
            ],
            "version": "==0.9.4"
        },
        "joblib": {
            "hashes": [
                "sha256:0630eea4f5664c463f23fbf5dcfc54a2bc6168902719fa8e19daf033022786c8",
                "sha256:bdb4fd9b72915ffb49fde2229ce482dd7ae79d842ed8c2b4c932441495af1403"
            ],
            "version": "==0.14.1"
        },
        "lazo-index-service": {
            "hashes": [
                "sha256:38878b62e3ea1076579cb42a2d3ceeacddc5de5181f296db76e5f9e18cde7223",
                "sha256:d8b053ed60935f4729c8094b33003b2c05b26bd65e1bc21c374eadf309874324"
            ],
            "version": "==0.4"
        },
        "markupsafe": {
            "hashes": [
                "sha256:00bc623926325b26bb9605ae9eae8a215691f33cae5df11ca5424f06f2d1f473",
                "sha256:09027a7803a62ca78792ad89403b1b7a73a01c8cb65909cd876f7fcebd79b161",
                "sha256:09c4b7f37d6c648cb13f9230d847adf22f8171b1ccc4d5682398e77f40309235",
                "sha256:1027c282dad077d0bae18be6794e6b6b8c91d58ed8a8d89a89d59693b9131db5",
                "sha256:24982cc2533820871eba85ba648cd53d8623687ff11cbb805be4ff7b4c971aff",
                "sha256:29872e92839765e546828bb7754a68c418d927cd064fd4708fab9fe9c8bb116b",
                "sha256:43a55c2930bbc139570ac2452adf3d70cdbb3cfe5912c71cdce1c2c6bbd9c5d1",
                "sha256:46c99d2de99945ec5cb54f23c8cd5689f6d7177305ebff350a58ce5f8de1669e",
                "sha256:500d4957e52ddc3351cabf489e79c91c17f6e0899158447047588650b5e69183",
                "sha256:535f6fc4d397c1563d08b88e485c3496cf5784e927af890fb3c3aac7f933ec66",
                "sha256:62fe6c95e3ec8a7fad637b7f3d372c15ec1caa01ab47926cfdf7a75b40e0eac1",
                "sha256:6dd73240d2af64df90aa7c4e7481e23825ea70af4b4922f8ede5b9e35f78a3b1",
                "sha256:717ba8fe3ae9cc0006d7c451f0bb265ee07739daf76355d06366154ee68d221e",
                "sha256:79855e1c5b8da654cf486b830bd42c06e8780cea587384cf6545b7d9ac013a0b",
                "sha256:7c1699dfe0cf8ff607dbdcc1e9b9af1755371f92a68f706051cc8c37d447c905",
                "sha256:88e5fcfb52ee7b911e8bb6d6aa2fd21fbecc674eadd44118a9cc3863f938e735",
                "sha256:8defac2f2ccd6805ebf65f5eeb132adcf2ab57aa11fdf4c0dd5169a004710e7d",
                "sha256:98c7086708b163d425c67c7a91bad6e466bb99d797aa64f965e9d25c12111a5e",
                "sha256:9add70b36c5666a2ed02b43b335fe19002ee5235efd4b8a89bfcf9005bebac0d",
                "sha256:9bf40443012702a1d2070043cb6291650a0841ece432556f784f004937f0f32c",
                "sha256:ade5e387d2ad0d7ebf59146cc00c8044acbd863725f887353a10df825fc8ae21",
                "sha256:b00c1de48212e4cc9603895652c5c410df699856a2853135b3967591e4beebc2",
                "sha256:b1282f8c00509d99fef04d8ba936b156d419be841854fe901d8ae224c59f0be5",
                "sha256:b2051432115498d3562c084a49bba65d97cf251f5a331c64a12ee7e04dacc51b",
                "sha256:ba59edeaa2fc6114428f1637ffff42da1e311e29382d81b339c1817d37ec93c6",
                "sha256:c8716a48d94b06bb3b2524c2b77e055fb313aeb4ea620c8dd03a105574ba704f",
                "sha256:cd5df75523866410809ca100dc9681e301e3c27567cf498077e8551b6d20e42f",
                "sha256:e249096428b3ae81b08327a63a485ad0878de3fb939049038579ac0ef61e17e7"
            ],
            "version": "==1.1.1"
        },
        "multidict": {
            "hashes": [
                "sha256:09c19f642e055550c9319d5123221b7e07fc79bda58122aa93910e52f2ab2f29",
                "sha256:0c1a5d5f7aa7189f7b83c4411c2af8f1d38d69c4360d5de3eea129c65d8d7ce2",
                "sha256:12f22980e7ed0972a969520fb1e55682c9fca89a68b21b49ec43132e680be812",
                "sha256:258660e9d6b52de1a75097944e12718d3aa59adc611b703361e3577d69167aaf",
                "sha256:3374a23e707848f27b3438500db0c69eca82929337656fce556bd70031fbda74",
                "sha256:503b7fce0054c73aa631cc910a470052df33d599f3401f3b77e54d31182525d5",
                "sha256:6ce55f2c45ffc90239aab625bb1b4864eef33f73ea88487ef968291fbf09fb3f",
                "sha256:725496dde5730f4ad0a627e1a58e2620c1bde0ad1c8080aae15d583eb23344ce",
                "sha256:a3721078beff247d0cd4fb19d915c2c25f90907cf8d6cd49d0413a24915577c6",
                "sha256:ba566518550f81daca649eded8b5c7dd09210a854637c82351410aa15c49324a",
                "sha256:c42362750a51a15dc905cb891658f822ee5021bfbea898c03aa1ed833e2248a5",
                "sha256:cf14aaf2ab067ca10bca0b14d5cbd751dd249e65d371734bc0e47ddd8fafc175",
                "sha256:cf24e15986762f0e75a622eb19cfe39a042e952b8afba3e7408835b9af2be4fb",
                "sha256:d7b6da08538302c5245cd3103f333655ba7f274915f1f5121c4f4b5fbdb3febe",
                "sha256:e27e13b9ff0a914a6b8fb7e4947d4ac6be8e4f61ede17edffabd088817df9e26",
                "sha256:e53b205f8afd76fc6c942ef39e8ee7c519c775d336291d32874082a87802c67c",
                "sha256:ec804fc5f68695d91c24d716020278fcffd50890492690a7e1fef2e741f7172c"
            ],
            "version": "==4.7.1"
        },
        "nltk": {
            "hashes": [
                "sha256:bed45551259aa2101381bbdd5df37d44ca2669c5c3dad72439fa459b29137d94"
            ],
            "version": "==3.4.5"
        },
        "noaa": {
            "editable": true,
            "path": "./discovery/noaa"
        },
        "numpy": {
            "hashes": [
                "sha256:0a7a1dd123aecc9f0076934288ceed7fd9a81ba3919f11a855a7887cbe82a02f",
                "sha256:0c0763787133dfeec19904c22c7e358b231c87ba3206b211652f8cbe1241deb6",
                "sha256:3d52298d0be333583739f1aec9026f3b09fdfe3ddf7c7028cb16d9d2af1cca7e",
                "sha256:43bb4b70585f1c2d153e45323a886839f98af8bfa810f7014b20be714c37c447",
                "sha256:475963c5b9e116c38ad7347e154e5651d05a2286d86455671f5b1eebba5feb76",
                "sha256:64874913367f18eb3013b16123c9fed113962e75d809fca5b78ebfbb73ed93ba",
                "sha256:683828e50c339fc9e68720396f2de14253992c495fdddef77a1e17de55f1decc",
                "sha256:6ca4000c4a6f95a78c33c7dadbb9495c10880be9c89316aa536eac359ab820ae",
                "sha256:75fd817b7061f6378e4659dd792c84c0b60533e867f83e0d1e52d5d8e53df88c",
                "sha256:7d81d784bdbed30137aca242ab307f3e65c8d93f4c7b7d8f322110b2e90177f9",
                "sha256:8d0af8d3664f142414fd5b15cabfd3b6cc3ef242a3c7a7493257025be5a6955f",
                "sha256:9679831005fb16c6df3dd35d17aa31dc0d4d7573d84f0b44cc481490a65c7725",
                "sha256:a8f67ebfae9f575d85fa859b54d3bdecaeece74e3274b0b5c5f804d7ca789fe1",
                "sha256:acbf5c52db4adb366c064d0b7c7899e3e778d89db585feadd23b06b587d64761",
                "sha256:ada4805ed51f5bcaa3a06d3dd94939351869c095e30a2b54264f5a5004b52170",
                "sha256:c7354e8f0eca5c110b7e978034cd86ed98a7a5ffcf69ca97535445a595e07b8e",
                "sha256:e2e9d8c87120ba2c591f60e32736b82b67f72c37ba88a4c23c81b5b8fa49c018",
                "sha256:e467c57121fe1b78a8f68dd9255fbb3bb3f4f7547c6b9e109f31d14569f490c3",
                "sha256:ede47b98de79565fcd7f2decb475e2dcc85ee4097743e551fe26cfc7eb3ff143",
                "sha256:f58913e9227400f1395c7b800503ebfdb0772f1c33ff8cb4d6451c06cabdf316",
                "sha256:fe39f5fd4103ec4ca3cb8600b19216cd1ff316b4990f4c0b6057ad982c0a34d5"
            ],
            "version": "==1.17.4"
        },
        "pamqp": {
            "hashes": [
                "sha256:2f81b5c186f668a67f165193925b6bfd83db4363a6222f599517f29ecee60b02",
                "sha256:5cd0f5a85e89f20d5f8e19285a1507788031cfca4a9ea6f067e3cf18f5e294e8"
            ],
            "version": "==2.3.0"
        },
        "pandas": {
            "hashes": [
                "sha256:00dff3a8e337f5ed7ad295d98a31821d3d0fe7792da82d78d7fd79b89c03ea9d",
                "sha256:22361b1597c8c2ffd697aa9bf85423afa9e1fcfa6b1ea821054a244d5f24d75e",
                "sha256:255920e63850dc512ce356233081098554d641ba99c3767dde9e9f35630f994b",
                "sha256:26382aab9c119735908d94d2c5c08020a4a0a82969b7e5eefb92f902b3b30ad7",
                "sha256:33970f4cacdd9a0ddb8f21e151bfb9f178afb7c36eb7c25b9094c02876f385c2",
                "sha256:4545467a637e0e1393f7d05d61dace89689ad6d6f66f267f86fff737b702cce9",
                "sha256:52da74df8a9c9a103af0a72c9d5fdc8e0183a90884278db7f386b5692a2220a4",
                "sha256:61741f5aeb252f39c3031d11405305b6d10ce663c53bc3112705d7ad66c013d0",
                "sha256:6a3ac2c87e4e32a969921d1428525f09462770c349147aa8e9ab95f88c71ec71",
                "sha256:7458c48e3d15b8aaa7d575be60e1e4dd70348efcd9376656b72fecd55c59a4c3",
                "sha256:78bf638993219311377ce9836b3dc05f627a666d0dbc8cec37c0ff3c9ada673b",
                "sha256:8153705d6545fd9eb6dd2bc79301bff08825d2e2f716d5dced48daafc2d0b81f",
                "sha256:975c461accd14e89d71772e89108a050fa824c0b87a67d34cedf245f6681fc17",
                "sha256:9962957a27bfb70ab64103d0a7b42fa59c642fb4ed4cb75d0227b7bb9228535d",
                "sha256:adc3d3a3f9e59a38d923e90e20c4922fc62d1e5a03d083440468c6d8f3f1ae0a",
                "sha256:bbe3eb765a0b1e578833d243e2814b60c825b7fdbf4cdfe8e8aae8a08ed56ecf",
                "sha256:df8864824b1fe488cf778c3650ee59c3a0d8f42e53707de167ba6b4f7d35f133",
                "sha256:e45055c30a608076e31a9fcd780a956ed3b1fa20db61561b8d88b79259f526f7",
                "sha256:ee50c2142cdcf41995655d499a157d0a812fce55c97d9aad13bc1eef837ed36c"
            ],
            "version": "==0.25.3"
        },
        "profiler": {
            "editable": true,
            "path": "./profiler"
        },
        "prometheus-async": {
            "hashes": [
                "sha256:227f516e5bf98a0dc602348381e182358f8b2ed24a8db05e8e34d9cf027bab83",
                "sha256:3cc68d1f39e9bbf16dbd0b51103d87671b3cbd1d75a72cda472cd9a35cc9d0d2"
            ],
            "version": "==19.2.0"
        },
        "prometheus-client": {
            "hashes": [
                "sha256:71cd24a2b3eb335cb800c7159f423df1bd4dcd5171b234be15e3f31ec9f622da"
            ],
            "version": "==0.7.1"
        },
        "protobuf": {
            "hashes": [
                "sha256:03f43eac9d5b651f976e91cf46a25b75e5779d98f0f4114b0abfed83376d75f8",
                "sha256:0c94b21e6de01362f91a86b372555d22a60b59708599ca9d5032ae9fdf8e3538",
                "sha256:2d2a9f30f61f4063fadd7fb68a2510a6939b43c0d6ceeec5c4704f22225da28e",
                "sha256:34a0b05fca061e4abb77dd180209f68d8637115ff319f51e28a6a9382d69853a",
                "sha256:358710fd0db25372edcf1150fa691f48376a134a6c69ce29f38f185eea7699e6",
                "sha256:41e47198b94c27ba05a08b4a95160656105745c462af574e4bcb0807164065c0",
                "sha256:8c61cc8a76e9d381c665aecc5105fa0f1878cf7db8b5cd17202603bcb386d0fc",
                "sha256:a6eebc4db759e58fdac02efcd3028b811effac881d8a5bad1996e4e8ee6acb47",
                "sha256:a9c12f7c98093da0a46ba76ec40ace725daa1ac4038c41e4b1466afb5c45bb01",
                "sha256:cb95068492ba0859b8c9e61fa8ba206a83c64e5d0916fb4543700b2e2b214115",
                "sha256:cd98476ce7bb4dcd6a7b101f5eecdc073dafea19f311e36eb8fba1a349346277",
                "sha256:ce64cfbea18c535176bdaa10ba740c0fc4c6d998a3f511c17bedb0ae4b3b167c",
                "sha256:dcbb59eac73fd454e8f2c5fba9e3d3320fd4707ed6a9d3ea3717924a6f0903ea",
                "sha256:dd67f34458ae716029e2a71ede998e9092493b62a519236ca52e3c5202096c87",
                "sha256:e3c96056eb5b7284a20e256cb0bf783c8f36ad82a4ae5434a7b7cd02384144a7",
                "sha256:f612d584d7a27e2f39e7b17878430a959c1bc09a74ba09db096b468558e5e126",
                "sha256:f6de8a7d6122297b81566e5bd4df37fd5d62bec14f8f90ebff8ede1c9726cd0a",
                "sha256:fa529d9261682b24c2aaa683667253175c9acebe0a31105394b221090da75832"
            ],
            "version": "==3.8.0"
        },
        "python-dateutil": {
            "hashes": [
                "sha256:7e6584c74aeed623791615e26efd690f29817a27c73085b78e4bad02493df2fb",
                "sha256:c89805f6f4d64db21ed966fda138f8a5ed7a4fdbc1a8ee329ce1b74e3c74da9e"
            ],
            "markers": "python_version >= '2.7'",
            "version": "==2.8.0"
        },
        "pytz": {
            "hashes": [
                "sha256:1c557d7d0e871de1f5ccd5833f60fb2550652da6be2693c1e02300743d21500d",
                "sha256:b02c06db6cf09c12dd25137e563b31700d3b80fcc4ad23abb7a315f2789819be"
            ],
            "version": "==2019.3"
        },
        "pyyaml": {
            "hashes": [
                "sha256:0e7f69397d53155e55d10ff68fdfb2cf630a35e6daf65cf0bdeaf04f127c09dc",
                "sha256:2e9f0b7c5914367b0916c3c104a024bb68f269a486b9d04a2e8ac6f6597b7803",
                "sha256:35ace9b4147848cafac3db142795ee42deebe9d0dad885ce643928e88daebdcc",
                "sha256:38a4f0d114101c58c0f3a88aeaa44d63efd588845c5a2df5290b73db8f246d15",
                "sha256:483eb6a33b671408c8529106df3707270bfacb2447bf8ad856a4b4f57f6e3075",
                "sha256:4b6be5edb9f6bb73680f5bf4ee08ff25416d1400fbd4535fe0069b2994da07cd",
                "sha256:7f38e35c00e160db592091751d385cd7b3046d6d51f578b29943225178257b31",
                "sha256:8100c896ecb361794d8bfdb9c11fce618c7cf83d624d73d5ab38aef3bc82d43f",
                "sha256:c0ee8eca2c582d29c3c2ec6e2c4f703d1b7f1fb10bc72317355a746057e7346c",
                "sha256:e4c015484ff0ff197564917b4b4246ca03f411b9bd7f16e02a2f586eb48b6d04",
                "sha256:ebc4ed52dcc93eeebeae5cf5deb2ae4347b3a81c3fa12b0b8c976544829396a4"
            ],
            "version": "==5.2"
        },
        "query": {
            "editable": true,
            "path": "./query"
        },
        "requests": {
            "hashes": [
                "sha256:11e007a8a2aa0323f5a921e9e6a2d7e4e67d9877e85773fba9ba6419025cbeb4",
                "sha256:9cf5292fcd0f598c671cfc1e0d7d1a7f13bb8085e9a590f48c010551dc6c4b31"
            ],
            "version": "==2.22.0"
        },
        "s3transfer": {
            "hashes": [
                "sha256:6efc926738a3cd576c2a79725fed9afde92378aa5c6a957e3af010cb019fac9d",
                "sha256:b780f2411b824cb541dbcd2c713d0cb61c7d1bcadae204cdddda2b35cef493ba"
            ],
            "version": "==0.2.1"
        },
        "sato": {
            "editable": true,
            "git": "https://gitlab.com/ViDA-NYU/datamart/sato.git",
            "ref": "7782ecfdd336c6fe619e0949c8fee1dca6bd7e92"
        },
        "scikit-learn": {
            "hashes": [
                "sha256:0098757148ee055796370ca5f4c5887940c46f87a4989f7ca9be6a2c42803ef1",
                "sha256:06b78e6f62b6a89b00acc873ee823c99ddf4ee1d461a02ce0d22276a17d2c13e",
                "sha256:07aaa1d639759ebfa33e747022d3fde880eb4343c6a7ddd916478be3a6b98d67",
                "sha256:087fffad9e7604bbbaa078bdfdf6919a96495f0eb742c70dd900820224c20a0a",
                "sha256:09b81c1145437fd5d25a2e8419621185c22b05450a7c77ad0a568194bbd65963",
                "sha256:1632967d8fbae09e6090ef6bd632681c5fc64b95378a858c59fd37b57357425e",
                "sha256:3004fe60aca1f20b80d13698e5d9123e0d500062b548c733a9f230ab943ce334",
                "sha256:314abf60c073c48a1e95feaae9f3ca47a2139bd77cebb5b877c23a45c9e03012",
                "sha256:594e693aef1dca29ab5823781f8db15815f257295cff52868f0602553ee5c66b",
                "sha256:5e426ed57851e60d2edb63a60888cc85e47b129f69f9c26eb872d8b7581c4c63",
                "sha256:63b7c4ddd5a6ed504ee7a6d2670dc8df478b70c4e31a2d165de82c4d6f4b6e1b",
                "sha256:8049f6330bbd1f8dd8db587fbfb69f8150efb36a22ddb4d178a0479c027496c5",
                "sha256:8509da5e03155c872d2e646763f4d42cfbdbd460dad9b803dba7602c32b7a605",
                "sha256:8c524b4567bb4d5ea172aa0d8212fe1b06898c4ad130ac443bbe0e5f4bd9d104",
                "sha256:ab3f791d5663bcc8137ea2339cbbd81907d2c7f51da6ef0402a6a37ef74bd857",
                "sha256:ac81facbda6ac2296e5d7b7518dc15d93858fda34f7d7877a5e9bbc2c8b0b5aa",
                "sha256:bc48a36424a6af3c353827a5d68abdad132f5ca843d721852fdf8b2e8d6277d3",
                "sha256:c252cfb331e15188d731253cffaa04a87fb0ea7aad5bff9f85229b5b883c8290",
                "sha256:ca60076ba9e38ed936a0e7fb5a0d18cffe375840d9dc4e562df7e0f5ee066d4d",
                "sha256:df3111e9a6d1b5009b45d10e98276e1e7fafefc538a6496e4e80042bba27cf68",
                "sha256:e321baa1210d20ac9751f4f8ec5e64affc44c93992a7e61611663884cd3e4b5a"
            ],
            "version": "==0.22"
        },
        "scipy": {
            "hashes": [
                "sha256:1b51721e5792c4d722e0cab4daf82187d5f22f2e42c56cd247398a16e4d2f48d",
                "sha256:1e46825a4b810e2c36cfebecbad09edfd14b74a43f6146343ec96c62659e4573",
                "sha256:203ba7ab52270e392e7e43834ffbe94fae09ca7f03113a11170cd36d0826eece",
                "sha256:204667ab336e9087a9bcd2be37b540703aef7b6f9a4fd776186d18b8b972f24a",
                "sha256:2d5b67afa5f5e0cf60dc747327c5be15cde434bed9c96743019886f86bfe0918",
                "sha256:31f7cfa93b01507c935c12b535e24812594002a02a56803d7cd063e9920d25e8",
                "sha256:39e9571ae080c149f4b5324836e7ee06a7e331e77f0d6d55f9c6ab7266cd875a",
                "sha256:4061d71c0f143f3985d2ea9ebc4c1d86eff6df79318f265a5fdb23527811f5b2",
                "sha256:461ca398ac6cb46bc89bdbc9f6a81c0302ee370cebe8be682c84a51977e21ded",
                "sha256:6fcc1e8b47c332bb0a558d7529ede0990ea5ff822a9a4392b003adad8e0b31b8",
                "sha256:72e644285a39aa64aaef7373fcbbed998aa7a550dc073d910d712a9380eba8b1",
                "sha256:ab35718a2dd58089fbbdf3bcf1bb368a2ec99314de58f65d5d9a1cc8a1f49419",
                "sha256:b51597ed8c1d3f2f07e537fb492a2c3659e477c502ad93c7e241f39ae9e21a78",
                "sha256:bbb21e998e136e1fdfd77e808abf16c72e75c6ffbb87f4b5a41f19c9a4b3e2de",
                "sha256:c1fe5826d26b684d5a690099d56f010a4bdd916e32f9fc0e0898c22551fdc635",
                "sha256:c2722813ff63bb1f0fb3c75253a85a16c2b0ecc8c4f999f666a7788bf7c6e4c3",
                "sha256:cdbcfbe97a21fc6b3c55991a7bcd6a278a38bd197e2d274a45611cdc91beb5c0",
                "sha256:e47f4d0be4fc6985c789d24898ad65daec781c7f5da4a3d4c76ed9af285306ba",
                "sha256:e588454fd6899d93b73d648d4d90d3d1285c91d08530a6ab94826676c862cabc",
                "sha256:fa39935d7db5066a1b88575fdb196bb576474a17987637430df6bede311906be",
                "sha256:fb4b6c26e39375e0cb56d05508c1b43515589725f903c9250940fca906e909fd"
            ],
            "version": "==1.4.0"
        },
        "six": {
            "hashes": [
                "sha256:1f1b7d42e254082a9db6279deae68afb421ceba6158efa6131de7b3003ee93fd",
                "sha256:30f610279e8b2578cab6db20741130331735c781b56053c59c4076da27f06b66"
            ],
            "version": "==1.13.0"
        },
        "smart-open": {
            "hashes": [
                "sha256:e64c2b5e62a452fa7fc4d21aecbada826ca21097bbe117841f8f4fc53dbab676"
            ],
            "version": "==1.9.0"
        },
        "socrata": {
            "editable": true,
            "path": "./discovery/socrata"
        },
        "sodapy": {
            "hashes": [
                "sha256:93e357938473e0d35d5f32f5de4cbb749135ab18c95aebe138d945ceebb859b4",
                "sha256:b02b4487adbaee915e180a2c1ea71355ed49c2d5e0762007b72d7044f5c908a3"
            ],
            "version": "==2.0.0"
        },
        "tensorboardx": {
            "hashes": [
                "sha256:3d6706fc0d0b2d4afbb9ec8bfc2aa9b7c2abff7d4dc3e1cb92cf180c9cfaf1d6"
            ],
            "version": "==1.9"
        },
        "torch": {
            "hashes": [
                "sha256:0cec2e13a2e95c24c34f17d437f354ee2a40902e8d515a524556b350e12555dd",
                "sha256:134e8291a97151b1ffeea09cb9ddde5238beb4e6d9dfb66657143d6990bfb865",
                "sha256:31062923ac2e60eac676f6a0ae14702b051c158bbcf7f440eaba266b0defa197",
                "sha256:3b05233481b51bb636cee63dc761bb7f602e198178782ff4159d385d1759608b",
                "sha256:458f1d87e5b7064b2c39e36675d84e163be3143dd2fc806057b7878880c461bc",
                "sha256:72a1c85bffd2154f085bc0a1d378d8a54e55a57d49664b874fe7c949022bf071",
                "sha256:77fd8866c0bf529861ffd850a5dada2190a8d9c5167719fb0cfa89163e23b143",
                "sha256:b6f01d851d1c5989d4a99b50ae0187762b15b7718dcd1a33704b665daa2402f9",
                "sha256:d8e1d904a6193ed14a4fed220b00503b2baa576e71471286d1ebba899c851fae"
            ],
            "version": "==1.3.1"
        },
        "tornado": {
            "hashes": [
                "sha256:349884248c36801afa19e342a77cc4458caca694b0eda633f5878e458a44cb2c",
                "sha256:398e0d35e086ba38a0427c3b37f4337327231942e731edaa6e9fd1865bbd6f60",
                "sha256:4e73ef678b1a859f0cb29e1d895526a20ea64b5ffd510a2307b5998c7df24281",
                "sha256:559bce3d31484b665259f50cd94c5c28b961b09315ccd838f284687245f416e5",
                "sha256:abbe53a39734ef4aba061fca54e30c6b4639d3e1f59653f0da37a0003de148c7",
                "sha256:c845db36ba616912074c5b1ee897f8e0124df269468f25e4fe21fe72f6edd7a9",
                "sha256:c9399267c926a4e7c418baa5cbe91c7d1cf362d505a1ef898fde44a07c9dd8a5"
            ],
            "version": "==6.0.3"
        },
        "tqdm": {
            "hashes": [
                "sha256:7543892c59720e36e4212180274d8f58dde36803bc1f6370fd09afa20b8f5892",
                "sha256:f0ab01cf3ae5673d18f918700c0165e5fad0f26b5ebe4b34f62ead92686b5340"
            ],
            "version": "==4.40.2"
        },
        "urllib3": {
            "hashes": [
                "sha256:a8a318824cc77d1fd4b2bec2ded92646630d7fe8619497b142c84a9e6f5a7293",
                "sha256:f3c5fd51747d450d4dcf6f923c81f78f811aab8205fda64b0aba34a4e48b0745"
            ],
            "markers": "python_version >= '3.4'",
            "version": "==1.25.7"
        },
        "wrapt": {
            "hashes": [
                "sha256:565a021fd19419476b9362b05eeaa094178de64f8361e44468f9e9d7843901e1"
            ],
            "version": "==1.11.2"
        },
        "xlrd": {
            "hashes": [
                "sha256:546eb36cee8db40c3eaa46c351e67ffee6eeb5fa2650b71bc4c758a29a1b29b2",
                "sha256:e551fb498759fa3a5384a94ccd4c3c02eb7c00ea424426e212ac0c57be9dfbde"
            ],
            "version": "==1.2.0"
        },
        "yarl": {
            "hashes": [
                "sha256:0c2ab325d33f1b824734b3ef51d4d54a54e0e7a23d13b86974507602334c2cce",
                "sha256:0ca2f395591bbd85ddd50a82eb1fde9c1066fafe888c5c7cc1d810cf03fd3cc6",
                "sha256:2098a4b4b9d75ee352807a95cdf5f10180db903bc5b7270715c6bbe2551f64ce",
                "sha256:25e66e5e2007c7a39541ca13b559cd8ebc2ad8fe00ea94a2aad28a9b1e44e5ae",
                "sha256:26d7c90cb04dee1665282a5d1a998defc1a9e012fdca0f33396f81508f49696d",
                "sha256:308b98b0c8cd1dfef1a0311dc5e38ae8f9b58349226aa0533f15a16717ad702f",
                "sha256:3ce3d4f7c6b69c4e4f0704b32eca8123b9c58ae91af740481aa57d7857b5e41b",
                "sha256:58cd9c469eced558cd81aa3f484b2924e8897049e06889e8ff2510435b7ef74b",
                "sha256:5b10eb0e7f044cf0b035112446b26a3a2946bca9d7d7edb5e54a2ad2f6652abb",
                "sha256:6faa19d3824c21bcbfdfce5171e193c8b4ddafdf0ac3f129ccf0cdfcb083e462",
                "sha256:944494be42fa630134bf907714d40207e646fd5a94423c90d5b514f7b0713fea",
                "sha256:a161de7e50224e8e3de6e184707476b5a989037dcb24292b391a3d66ff158e70",
                "sha256:a4844ebb2be14768f7994f2017f70aca39d658a96c786211be5ddbe1c68794c1",
                "sha256:c2b509ac3d4b988ae8769901c66345425e361d518aecbe4acbfc2567e416626a",
                "sha256:c9959d49a77b0e07559e579f38b2f3711c2b8716b8410b320bf9713013215a1b",
                "sha256:d8cdee92bc930d8b09d8bd2043cedd544d9c8bd7436a77678dd602467a993080",
                "sha256:e15199cdb423316e15f108f51249e44eb156ae5dba232cb73be555324a1d49c2"
            ],
            "version": "==1.4.2"
        }
    },
    "develop": {
        "attrs": {
            "hashes": [
                "sha256:08a96c641c3a74e44eb59afb61a24f2cb9f4d7188748e76ba4bb5edfa3cb7d1c",
                "sha256:f7b7ce16570fe9965acd6d30101a28f62fb4a7f9e926b3bbc9b61f8b04247e72"
            ],
            "version": "==19.3.0"
        },
        "bleach": {
            "hashes": [
                "sha256:213336e49e102af26d9cde77dd2d0397afabc5a6bf2fed985dc35b5d1e285a16",
                "sha256:3fdf7f77adcf649c9911387df51254b813185e32b2c6619f690b593a617e19fa"
            ],
            "version": "==3.1.0"
        },
        "certifi": {
            "hashes": [
                "sha256:017c25db2a153ce562900032d5bc68e9f191e44e9a0f762f373977de9df1fbb3",
                "sha256:25b64c7da4cd7479594d035c08c2d809eb4aab3a26e5a990ea98cc450c320f1f"
            ],
            "version": "==2019.11.28"
        },
        "chardet": {
            "hashes": [
                "sha256:84ab92ed1c4d4f16916e05906b6b75a6c0fb5db821cc65e70cbd64a3e2a5eaae",
                "sha256:fc323ffcaeaed0e0a02bf4d117757b98aed530d9ed4531e3e15460124c106691"
            ],
            "version": "==3.0.4"
        },
        "coverage": {
            "hashes": [
                "sha256:08907593569fe59baca0bf152c43f3863201efb6113ecb38ce7e97ce339805a6",
                "sha256:0be0f1ed45fc0c185cfd4ecc19a1d6532d72f86a2bac9de7e24541febad72650",
                "sha256:141f08ed3c4b1847015e2cd62ec06d35e67a3ac185c26f7635f4406b90afa9c5",
                "sha256:19e4df788a0581238e9390c85a7a09af39c7b539b29f25c89209e6c3e371270d",
                "sha256:23cc09ed395b03424d1ae30dcc292615c1372bfba7141eb85e11e50efaa6b351",
                "sha256:245388cda02af78276b479f299bbf3783ef0a6a6273037d7c60dc73b8d8d7755",
                "sha256:331cb5115673a20fb131dadd22f5bcaf7677ef758741312bee4937d71a14b2ef",
                "sha256:386e2e4090f0bc5df274e720105c342263423e77ee8826002dcffe0c9533dbca",
                "sha256:3a794ce50daee01c74a494919d5ebdc23d58873747fa0e288318728533a3e1ca",
                "sha256:60851187677b24c6085248f0a0b9b98d49cba7ecc7ec60ba6b9d2e5574ac1ee9",
                "sha256:63a9a5fc43b58735f65ed63d2cf43508f462dc49857da70b8980ad78d41d52fc",
                "sha256:6b62544bb68106e3f00b21c8930e83e584fdca005d4fffd29bb39fb3ffa03cb5",
                "sha256:6ba744056423ef8d450cf627289166da65903885272055fb4b5e113137cfa14f",
                "sha256:7494b0b0274c5072bddbfd5b4a6c6f18fbbe1ab1d22a41e99cd2d00c8f96ecfe",
                "sha256:826f32b9547c8091679ff292a82aca9c7b9650f9fda3e2ca6bf2ac905b7ce888",
                "sha256:93715dffbcd0678057f947f496484e906bf9509f5c1c38fc9ba3922893cda5f5",
                "sha256:9a334d6c83dfeadae576b4d633a71620d40d1c379129d587faa42ee3e2a85cce",
                "sha256:af7ed8a8aa6957aac47b4268631fa1df984643f07ef00acd374e456364b373f5",
                "sha256:bf0a7aed7f5521c7ca67febd57db473af4762b9622254291fbcbb8cd0ba5e33e",
                "sha256:bf1ef9eb901113a9805287e090452c05547578eaab1b62e4ad456fcc049a9b7e",
                "sha256:c0afd27bc0e307a1ffc04ca5ec010a290e49e3afbe841c5cafc5c5a80ecd81c9",
                "sha256:dd579709a87092c6dbee09d1b7cfa81831040705ffa12a1b248935274aee0437",
                "sha256:df6712284b2e44a065097846488f66840445eb987eb81b3cc6e4149e7b6982e1",
                "sha256:e07d9f1a23e9e93ab5c62902833bf3e4b1f65502927379148b6622686223125c",
                "sha256:e2ede7c1d45e65e209d6093b762e98e8318ddeff95317d07a27a2140b80cfd24",
                "sha256:e4ef9c164eb55123c62411f5936b5c2e521b12356037b6e1c2617cef45523d47",
                "sha256:eca2b7343524e7ba246cab8ff00cab47a2d6d54ada3b02772e908a45675722e2",
                "sha256:eee64c616adeff7db37cc37da4180a3a5b6177f5c46b187894e633f088fb5b28",
                "sha256:ef824cad1f980d27f26166f86856efe11eff9912c4fed97d3804820d43fa550c",
                "sha256:efc89291bd5a08855829a3c522df16d856455297cf35ae827a37edac45f466a7",
                "sha256:fa964bae817babece5aa2e8c1af841bebb6d0b9add8e637548809d040443fee0",
                "sha256:ff37757e068ae606659c28c3bd0d923f9d29a85de79bf25b2b34b148473b5025"
            ],
            "index": "pypi",
            "version": "==4.5.4"
        },
        "docutils": {
            "hashes": [
                "sha256:6c4f696463b79f1fb8ba0c594b63840ebd41f059e92b31957c46b74a4599b6d0",
                "sha256:9e4d7ecfc600058e07ba661411a2b7de2fd0fafa17d1a7f7361cd47b1175c827",
                "sha256:a2aeea129088da402665e92e0b25b04b073c04b2dce4ab65caaa38b7ce2e1a99"
            ],
            "version": "==0.15.2"
        },
        "entrypoints": {
            "hashes": [
                "sha256:589f874b313739ad35be6e0cd7efde2a4e9b6fea91edcc34e58ecbb8dbe56d19",
                "sha256:c70dd71abe5a8c85e55e12c19bd91ccfeec11a6e99044204511f9ed547d48451"
            ],
            "version": "==0.3"
        },
        "flake8": {
            "hashes": [
                "sha256:45681a117ecc81e870cbf1262835ae4af5e7a8b08e40b944a8a6e6b895914cfb",
                "sha256:49356e766643ad15072a789a20915d3c91dc89fd313ccd71802303fd67e4deca"
            ],
            "index": "pypi",
            "version": "==3.7.9"
        },
        "idna": {
            "hashes": [
                "sha256:c357b3f628cf53ae2c4c05627ecc484553142ca23264e593d327bcde5e9c3407",
                "sha256:ea8b7f6188e6fa117537c3df7da9fc686d485087abf6ac197f9c46432f7e4a3c"
            ],
            "version": "==2.8"
        },
        "importlib-metadata": {
            "hashes": [
                "sha256:073a852570f92da5f744a3472af1b61e28e9f78ccf0c9117658dc32b15de7b45",
                "sha256:d95141fbfa7ef2ec65cfd945e2af7e5a6ddbd7c8d9a25e66ff3be8e3daf9f60f"
            ],
            "markers": "python_version < '3.8'",
            "version": "==1.3.0"
        },
        "jsonschema": {
            "hashes": [
                "sha256:4e5b3cf8216f577bee9ce139cbe72eca3ea4f292ec60928ff24758ce626cd163",
                "sha256:c8a85b28d377cc7737e46e2d9f2b4f44ee3c0e1deac6bf46ddefc7187d30797a"
            ],
            "index": "pypi",
            "version": "==3.2.0"
        },
        "mccabe": {
            "hashes": [
                "sha256:ab8a6258860da4b6677da4bd2fe5dc2c659cff31b3ee4f7f5d64e79735b80d42",
                "sha256:dd8d182285a0fe56bace7f45b5e7d1a6ebcbf524e8f3bd87eb0f125271b8831f"
            ],
            "version": "==0.6.1"
        },
        "more-itertools": {
            "hashes": [
                "sha256:b84b238cce0d9adad5ed87e745778d20a3f8487d0f0cb8b8a586816c7496458d",
                "sha256:c833ef592a0324bcc6a60e48440da07645063c453880c9477ceb22490aec1564"
            ],
            "version": "==8.0.2"
        },
        "pycodestyle": {
            "hashes": [
                "sha256:95a2219d12372f05704562a14ec30bc76b05a5b297b21a5dfe3f6fac3491ae56",
                "sha256:e40a936c9a450ad81df37f549d676d127b1b66000a6c500caa2b085bc0ca976c"
            ],
            "version": "==2.5.0"
        },
        "pyflakes": {
            "hashes": [
                "sha256:17dbeb2e3f4d772725c777fabc446d5634d1038f234e77343108ce445ea69ce0",
                "sha256:d976835886f8c5b31d47970ed689944a0262b5f3afa00a5a7b4dc81e5449f8a2"
            ],
            "version": "==2.1.1"
        },
        "pygments": {
            "hashes": [
                "sha256:2a3fe295e54a20164a9df49c75fa58526d3be48e14aceba6d6b1e8ac0bfd6f1b",
                "sha256:98c8aa5a9f778fcd1026a17361ddaf7330d1b7c62ae97c3bb0ae73e0b9b6b0fe"
            ],
            "version": "==2.5.2"
        },
        "pyrsistent": {
            "hashes": [
                "sha256:f3b280d030afb652f79d67c5586157c5c1355c9a58dfc7940566e28d28f3df1b"
            ],
            "version": "==0.15.6"
        },
        "pyyaml": {
            "hashes": [
                "sha256:0e7f69397d53155e55d10ff68fdfb2cf630a35e6daf65cf0bdeaf04f127c09dc",
                "sha256:2e9f0b7c5914367b0916c3c104a024bb68f269a486b9d04a2e8ac6f6597b7803",
                "sha256:35ace9b4147848cafac3db142795ee42deebe9d0dad885ce643928e88daebdcc",
                "sha256:38a4f0d114101c58c0f3a88aeaa44d63efd588845c5a2df5290b73db8f246d15",
                "sha256:483eb6a33b671408c8529106df3707270bfacb2447bf8ad856a4b4f57f6e3075",
                "sha256:4b6be5edb9f6bb73680f5bf4ee08ff25416d1400fbd4535fe0069b2994da07cd",
                "sha256:7f38e35c00e160db592091751d385cd7b3046d6d51f578b29943225178257b31",
                "sha256:8100c896ecb361794d8bfdb9c11fce618c7cf83d624d73d5ab38aef3bc82d43f",
                "sha256:c0ee8eca2c582d29c3c2ec6e2c4f703d1b7f1fb10bc72317355a746057e7346c",
                "sha256:e4c015484ff0ff197564917b4b4246ca03f411b9bd7f16e02a2f586eb48b6d04",
                "sha256:ebc4ed52dcc93eeebeae5cf5deb2ae4347b3a81c3fa12b0b8c976544829396a4"
            ],
            "version": "==5.2"
        },
        "readme-renderer": {
            "hashes": [
                "sha256:bb16f55b259f27f75f640acf5e00cf897845a8b3e4731b5c1a436e4b8529202f",
                "sha256:c8532b79afc0375a85f10433eca157d6b50f7d6990f337fa498c96cd4bfc203d"
            ],
            "index": "pypi",
            "version": "==24.0"
        },
        "requests": {
            "hashes": [
                "sha256:11e007a8a2aa0323f5a921e9e6a2d7e4e67d9877e85773fba9ba6419025cbeb4",
                "sha256:9cf5292fcd0f598c671cfc1e0d7d1a7f13bb8085e9a590f48c010551dc6c4b31"
            ],
            "version": "==2.22.0"
        },
        "six": {
            "hashes": [
                "sha256:1f1b7d42e254082a9db6279deae68afb421ceba6158efa6131de7b3003ee93fd",
                "sha256:30f610279e8b2578cab6db20741130331735c781b56053c59c4076da27f06b66"
            ],
            "version": "==1.13.0"
        },
        "urllib3": {
            "hashes": [
                "sha256:a8a318824cc77d1fd4b2bec2ded92646630d7fe8619497b142c84a9e6f5a7293",
                "sha256:f3c5fd51747d450d4dcf6f923c81f78f811aab8205fda64b0aba34a4e48b0745"
            ],
            "markers": "python_version >= '3.4'",
            "version": "==1.25.7"
        },
        "webencodings": {
            "hashes": [
                "sha256:a0af1213f3c2226497a97e2b3aa01a7e4bee4f403f95be16fc9acd2947514a78",
                "sha256:b36a1c245f2d304965eb4e0a82848379241dc04b865afcc4aab16748587e1923"
            ],
            "version": "==0.5.1"
        },
        "zipp": {
            "hashes": [
                "sha256:3718b1cbcd963c7d4c5511a8240812904164b7f381b647143a89d3b98f9bcd8e",
                "sha256:f06903e9f1f43b12d371004b4ac7b06ab39a44adc747266928ae6debfa7b3335"
            ],
            "version": "==0.6.0"
        }
    }
}
